
Microsoft Visual Studio Solution File, Format Version 12.00
# Visual Studio Version 17
VisualStudioVersion = 17.7.34031.279
MinimumVisualStudioVersion = 10.0.40219.1
Project("{FAE04EC0-301F-11D3-BF4B-00C04F79EFBC}") = "CS2Roulette", "CS2Roulette.csproj", "{22FF0327-D183-4C52-8C27-3846FD4CA8D4}"
EndProject
Global
	GlobalSection(SolutionConfigurationPlatforms) = preSolution
		Debug|Any CPU = Debug|Any CPU
		Release|Any CPU = Release|Any CPU
	EndGlobalSection
	GlobalSection(ProjectConfigurationPlatforms) = postSolution
		{22FF0327-D183-4C52-8C27-3846FD4CA8D4}.Debug|Any CPU.ActiveCfg = Debug|Any CPU
		{22FF0327-D183-4C52-8C27-3846FD4CA8D4}.Debug|Any CPU.Build.0 = Debug|Any CPU
		{22FF0327-D183-4C52-8C27-3846FD4CA8D4}.Release|Any CPU.ActiveCfg = Release|Any CPU
		{22FF0327-D183-4C52-8C27-3846FD4CA8D4}.Release|Any CPU.Build.0 = Release|Any CPU
	EndGlobalSection
	GlobalSection(SolutionProperties) = preSolution
		HideSolutionNode = FALSE
	EndGlobalSection
	GlobalSection(ExtensibilityGlobals) = postSolution
		SolutionGuid = {DF1DCAC0-6068-4846-9BB9-07B25D11F134}
	EndGlobalSection
EndGlobal
